
Microsoft Visual Studio Solution File, Format Version 12.00
# Visual Studio Version 17
VisualStudioVersion = 17.0.31903.59
MinimumVisualStudioVersion = 10.0.40219.1
Project("{FAE04EC0-301F-11D3-BF4B-00C04F79EFBC}") = "Hangman", "Hangman\Hangman.csproj", "{EDC9401E-A6A7-44F5-AD40-A432AB7773C6}"
EndProject
Global
	GlobalSection(SolutionConfigurationPlatforms) = preSolution
		Debug|Any CPU = Debug|Any CPU
		Release|Any CPU = Release|Any CPU
	EndGlobalSection
	GlobalSection(SolutionProperties) = preSolution
		HideSolutionNode = FALSE
	EndGlobalSection
	GlobalSection(ProjectConfigurationPlatforms) = postSolution
		{EDC9401E-A6A7-44F5-AD40-A432AB7773C6}.Debug|Any CPU.ActiveCfg = Debug|Any CPU
		{EDC9401E-A6A7-44F5-AD40-A432AB7773C6}.Debug|Any CPU.Build.0 = Debug|Any CPU
		{EDC9401E-A6A7-44F5-AD40-A432AB7773C6}.Release|Any CPU.ActiveCfg = Release|Any CPU
		{EDC9401E-A6A7-44F5-AD40-A432AB7773C6}.Release|Any CPU.Build.0 = Release|Any CPU
	EndGlobalSection
EndGlobal
